
Microsoft Visual Studio Solution File, Format Version 12.00
# Visual Studio Version 16
VisualStudioVersion = 16.0.29709.97
MinimumVisualStudioVersion = 10.0.40219.1
Project("{FAE04EC0-301F-11D3-BF4B-00C04F79EFBC}") = "Solar interface porgram", "Solar interface porgram\Solar interface porgram.csproj", "{3DF1ACEF-7F59-4215-919E-615AF751ED85}"
EndProject
Global
	GlobalSection(SolutionConfigurationPlatforms) = preSolution
		Debug|Any CPU = Debug|Any CPU
		Release|Any CPU = Release|Any CPU
	EndGlobalSection
	GlobalSection(ProjectConfigurationPlatforms) = postSolution
		{3DF1ACEF-7F59-4215-919E-615AF751ED85}.Debug|Any CPU.ActiveCfg = Debug|Any CPU
		{3DF1ACEF-7F59-4215-919E-615AF751ED85}.Debug|Any CPU.Build.0 = Debug|Any CPU
		{3DF1ACEF-7F59-4215-919E-615AF751ED85}.Release|Any CPU.ActiveCfg = Release|Any CPU
		{3DF1ACEF-7F59-4215-919E-615AF751ED85}.Release|Any CPU.Build.0 = Release|Any CPU
	EndGlobalSection
	GlobalSection(SolutionProperties) = preSolution
		HideSolutionNode = FALSE
	EndGlobalSection
	GlobalSection(ExtensibilityGlobals) = postSolution
		SolutionGuid = {5D763CF4-18DE-401A-B2A4-878B062EA9CD}
	EndGlobalSection
EndGlobal
